
Microsoft Visual Studio Solution File, Format Version 12.00
# Visual Studio Version 16
VisualStudioVersion = 16.0.31624.102
MinimumVisualStudioVersion = 10.0.40219.1
Project("{FAE04EC0-301F-11D3-BF4B-00C04F79EFBC}") = "Day19UserRegistration", "Day19UserRegistration.csproj", "{0B23D3C0-C6BB-4ACC-94C0-F17B9B14C625}"
EndProject
Global
	GlobalSection(SolutionConfigurationPlatforms) = preSolution
		Debug|Any CPU = Debug|Any CPU
		Release|Any CPU = Release|Any CPU
	EndGlobalSection
	GlobalSection(ProjectConfigurationPlatforms) = postSolution
		{0B23D3C0-C6BB-4ACC-94C0-F17B9B14C625}.Debug|Any CPU.ActiveCfg = Debug|Any CPU
		{0B23D3C0-C6BB-4ACC-94C0-F17B9B14C625}.Debug|Any CPU.Build.0 = Debug|Any CPU
		{0B23D3C0-C6BB-4ACC-94C0-F17B9B14C625}.Release|Any CPU.ActiveCfg = Release|Any CPU
		{0B23D3C0-C6BB-4ACC-94C0-F17B9B14C625}.Release|Any CPU.Build.0 = Release|Any CPU
	EndGlobalSection
	GlobalSection(SolutionProperties) = preSolution
		HideSolutionNode = FALSE
	EndGlobalSection
	GlobalSection(ExtensibilityGlobals) = postSolution
		SolutionGuid = {461C99ED-0F64-4566-A168-72CB8EA3616E}
	EndGlobalSection
EndGlobal
